
Microsoft Visual Studio Solution File, Format Version 12.00
# Visual Studio Version 16
VisualStudioVersion = 16.0.30104.148
MinimumVisualStudioVersion = 10.0.40219.1
Project("{9A19103F-16F7-4668-BE54-9A1E7A4F7556}") = "MyFirstMLProject", "MyFirstMLProject\MyFirstMLProject.csproj", "{DD25C3FF-12FE-4626-842F-65E5A39750A9}"
EndProject
Global
	GlobalSection(SolutionConfigurationPlatforms) = preSolution
		Debug|Any CPU = Debug|Any CPU
		Release|Any CPU = Release|Any CPU
	EndGlobalSection
	GlobalSection(ProjectConfigurationPlatforms) = postSolution
		{DD25C3FF-12FE-4626-842F-65E5A39750A9}.Debug|Any CPU.ActiveCfg = Debug|Any CPU
		{DD25C3FF-12FE-4626-842F-65E5A39750A9}.Debug|Any CPU.Build.0 = Debug|Any CPU
		{DD25C3FF-12FE-4626-842F-65E5A39750A9}.Release|Any CPU.ActiveCfg = Release|Any CPU
		{DD25C3FF-12FE-4626-842F-65E5A39750A9}.Release|Any CPU.Build.0 = Release|Any CPU
	EndGlobalSection
	GlobalSection(SolutionProperties) = preSolution
		HideSolutionNode = FALSE
	EndGlobalSection
	GlobalSection(ExtensibilityGlobals) = postSolution
		SolutionGuid = {5316FD75-12AE-44D7-ADDF-585F07263E02}
	EndGlobalSection
EndGlobal
